// !$*UTF8*$!
{
	archiveVersion = 1;
	classes = {
	};
	objectVersion = 56;
	objects = {

/* Begin PBXBuildFile section */
		AB10FB7529B515F700D36A7A /* RMCharacterDetailViewController.swift in Sources */ = {isa = PBXBuildFile; fileRef = AB10FB7429B515F700D36A7A /* RMCharacterDetailViewController.swift */; };
		AB10FB7729B5169D00D36A7A /* RMCharacterDetailView.swift in Sources */ = {isa = PBXBuildFile; fileRef = AB10FB7629B5169D00D36A7A /* RMCharacterDetailView.swift */; };
		AB10FB7929B516BA00D36A7A /* RMCharacterDetailViewViewModel.swift in Sources */ = {isa = PBXBuildFile; fileRef = AB10FB7829B516BA00D36A7A /* RMCharacterDetailViewViewModel.swift */; };
		AB36A38829B7297000B5A6F4 /* RMImageLoader.swift in Sources */ = {isa = PBXBuildFile; fileRef = AB36A38729B7297000B5A6F4 /* RMImageLoader.swift */; };
		AB38466929B5D66700DE4F52 /* RMFooterLoadingCollectionReusableView.swift in Sources */ = {isa = PBXBuildFile; fileRef = AB38466829B5D66700DE4F52 /* RMFooterLoadingCollectionReusableView.swift */; };
		AB6A0EA329C3145F00C196DC /* RMEpisodeDetailViewController.swift in Sources */ = {isa = PBXBuildFile; fileRef = AB6A0EA229C3145F00C196DC /* RMEpisodeDetailViewController.swift */; };
		AB6A0EA529C3351200C196DC /* RMAPICacheManager.swift in Sources */ = {isa = PBXBuildFile; fileRef = AB6A0EA429C3351200C196DC /* RMAPICacheManager.swift */; };
		AB6A0EA729C341FB00C196DC /* RMEpisodeDetailViewViewModel.swift in Sources */ = {isa = PBXBuildFile; fileRef = AB6A0EA629C341FB00C196DC /* RMEpisodeDetailViewViewModel.swift */; };
		AB70BE9029B7DB9E0044F9CB /* RMCharacterPhotoCollectionViewCell.swift in Sources */ = {isa = PBXBuildFile; fileRef = AB70BE8F29B7DB9E0044F9CB /* RMCharacterPhotoCollectionViewCell.swift */; };
		AB70BE9229B7DBAD0044F9CB /* RMCharacterInfoCollectionViewCell.swift in Sources */ = {isa = PBXBuildFile; fileRef = AB70BE9129B7DBAD0044F9CB /* RMCharacterInfoCollectionViewCell.swift */; };
		AB70BE9429B7DBBD0044F9CB /* RMCharacterEpisodeCollectionViewCell.swift in Sources */ = {isa = PBXBuildFile; fileRef = AB70BE9329B7DBBD0044F9CB /* RMCharacterEpisodeCollectionViewCell.swift */; };
		AB70BE9729B7DBF50044F9CB /* RMCharacterPhotoCollectionViewCellViewModel.swift in Sources */ = {isa = PBXBuildFile; fileRef = AB70BE9629B7DBF50044F9CB /* RMCharacterPhotoCollectionViewCellViewModel.swift */; };
		AB70BE9929B7DC060044F9CB /* RMCharacterInfoCollectionViewCellViewModel.swift in Sources */ = {isa = PBXBuildFile; fileRef = AB70BE9829B7DC060044F9CB /* RMCharacterInfoCollectionViewCellViewModel.swift */; };
		AB70BE9B29B7DC150044F9CB /* RMCharacterEpisodeCollectionViewCellViewModel.swift in Sources */ = {isa = PBXBuildFile; fileRef = AB70BE9A29B7DC150044F9CB /* RMCharacterEpisodeCollectionViewCellViewModel.swift */; };
		AB83968729C3A9440048264B /* RMEpisodeDetailView.swift in Sources */ = {isa = PBXBuildFile; fileRef = AB83968629C3A9440048264B /* RMEpisodeDetailView.swift */; };
		AB9B3E4C29B29068009CF0C0 /* AppDelegate.swift in Sources */ = {isa = PBXBuildFile; fileRef = AB9B3E4B29B29068009CF0C0 /* AppDelegate.swift */; };
		AB9B3E4E29B29068009CF0C0 /* SceneDelegate.swift in Sources */ = {isa = PBXBuildFile; fileRef = AB9B3E4D29B29068009CF0C0 /* SceneDelegate.swift */; };
		AB9B3E5029B29068009CF0C0 /* RMTabBarViewController.swift in Sources */ = {isa = PBXBuildFile; fileRef = AB9B3E4F29B29068009CF0C0 /* RMTabBarViewController.swift */; };
		AB9B3E5529B29068009CF0C0 /* Assets.xcassets in Resources */ = {isa = PBXBuildFile; fileRef = AB9B3E5429B29068009CF0C0 /* Assets.xcassets */; };
		AB9B3E5829B29068009CF0C0 /* LaunchScreen.storyboard in Resources */ = {isa = PBXBuildFile; fileRef = AB9B3E5629B29068009CF0C0 /* LaunchScreen.storyboard */; };
		AB9B3E6729B292CF009CF0C0 /* RMLocation.swift in Sources */ = {isa = PBXBuildFile; fileRef = AB9B3E6629B292CF009CF0C0 /* RMLocation.swift */; };
		AB9B3E6929B292D9009CF0C0 /* RMCharacter.swift in Sources */ = {isa = PBXBuildFile; fileRef = AB9B3E6829B292D9009CF0C0 /* RMCharacter.swift */; };
		AB9B3E6B29B292DF009CF0C0 /* RMEpisode.swift in Sources */ = {isa = PBXBuildFile; fileRef = AB9B3E6A29B292DF009CF0C0 /* RMEpisode.swift */; };
		AB9B3E6E29B2937B009CF0C0 /* RMCharacterViewController.swift in Sources */ = {isa = PBXBuildFile; fileRef = AB9B3E6D29B2937B009CF0C0 /* RMCharacterViewController.swift */; };
		AB9B3E7029B2938A009CF0C0 /* RMLocationViewController.swift in Sources */ = {isa = PBXBuildFile; fileRef = AB9B3E6F29B2938A009CF0C0 /* RMLocationViewController.swift */; };
		AB9B3E7229B293A0009CF0C0 /* RMEpisodeViewController.swift in Sources */ = {isa = PBXBuildFile; fileRef = AB9B3E7129B293A0009CF0C0 /* RMEpisodeViewController.swift */; };
		AB9B3E7429B293B6009CF0C0 /* RMSettingsViewController.swift in Sources */ = {isa = PBXBuildFile; fileRef = AB9B3E7329B293B6009CF0C0 /* RMSettingsViewController.swift */; };
		ABB01A7129B353FD00175C71 /* RMService.swift in Sources */ = {isa = PBXBuildFile; fileRef = ABB01A7029B353FD00175C71 /* RMService.swift */; };
		ABB01A7329B3541000175C71 /* RMRequest.swift in Sources */ = {isa = PBXBuildFile; fileRef = ABB01A7229B3541000175C71 /* RMRequest.swift */; };
		ABB01A7529B3549600175C71 /* RMEndpoint.swift in Sources */ = {isa = PBXBuildFile; fileRef = ABB01A7429B3549600175C71 /* RMEndpoint.swift */; };
		ABB01A7729B3C38C00175C71 /* RMOrigin.swift in Sources */ = {isa = PBXBuildFile; fileRef = ABB01A7629B3C38C00175C71 /* RMOrigin.swift */; };
		ABB01A7929B3C40900175C71 /* RMSingleLocation.swift in Sources */ = {isa = PBXBuildFile; fileRef = ABB01A7829B3C40900175C71 /* RMSingleLocation.swift */; };
		ABB01A7B29B3C50400175C71 /* RMCharacterStatus.swift in Sources */ = {isa = PBXBuildFile; fileRef = ABB01A7A29B3C50400175C71 /* RMCharacterStatus.swift */; };
		ABB01A7D29B3C52B00175C71 /* RMCharacterGender.swift in Sources */ = {isa = PBXBuildFile; fileRef = ABB01A7C29B3C52B00175C71 /* RMCharacterGender.swift */; };
		ABB01A8229B3DE1E00175C71 /* RMGetAllCharactersResponse.swift in Sources */ = {isa = PBXBuildFile; fileRef = ABB01A8129B3DE1E00175C71 /* RMGetAllCharactersResponse.swift */; };
		ABB01A8429B3E0CE00175C71 /* RMCharacterListViewViewModel.swift in Sources */ = {isa = PBXBuildFile; fileRef = ABB01A8329B3E0CE00175C71 /* RMCharacterListViewViewModel.swift */; };
		ABB01A8629B3E14000175C71 /* RMCharacterListView.swift in Sources */ = {isa = PBXBuildFile; fileRef = ABB01A8529B3E14000175C71 /* RMCharacterListView.swift */; };
		ABB01A8829B3E49700175C71 /* Extensions.swift in Sources */ = {isa = PBXBuildFile; fileRef = ABB01A8729B3E49700175C71 /* Extensions.swift */; };
		ABB01A8A29B3EAEA00175C71 /* RMCharacterCollectionViewCell.swift in Sources */ = {isa = PBXBuildFile; fileRef = ABB01A8929B3EAEA00175C71 /* RMCharacterCollectionViewCell.swift */; };
		ABB5C84C29B489DB000CFFDD /* RMCharacterCollectionViewCellViewModel.swift in Sources */ = {isa = PBXBuildFile; fileRef = ABB5C84B29B489DB000CFFDD /* RMCharacterCollectionViewCellViewModel.swift */; };
		ABB5C84E29B4B452000CFFDD /* Builders.swift in Sources */ = {isa = PBXBuildFile; fileRef = ABB5C84D29B4B452000CFFDD /* Builders.swift */; };
/* End PBXBuildFile section */

/* Begin PBXFileReference section */
		AB10FB7429B515F700D36A7A /* RMCharacterDetailViewController.swift */ = {isa = PBXFileReference; lastKnownFileType = sourcecode.swift; path = RMCharacterDetailViewController.swift; sourceTree = "<group>"; };
		AB10FB7629B5169D00D36A7A /* RMCharacterDetailView.swift */ = {isa = PBXFileReference; lastKnownFileType = sourcecode.swift; path = RMCharacterDetailView.swift; sourceTree = "<group>"; };
		AB10FB7829B516BA00D36A7A /* RMCharacterDetailViewViewModel.swift */ = {isa = PBXFileReference; lastKnownFileType = sourcecode.swift; path = RMCharacterDetailViewViewModel.swift; sourceTree = "<group>"; };
		AB36A38729B7297000B5A6F4 /* RMImageLoader.swift */ = {isa = PBXFileReference; lastKnownFileType = sourcecode.swift; path = RMImageLoader.swift; sourceTree = "<group>"; };
		AB38466829B5D66700DE4F52 /* RMFooterLoadingCollectionReusableView.swift */ = {isa = PBXFileReference; lastKnownFileType = sourcecode.swift; path = RMFooterLoadingCollectionReusableView.swift; sourceTree = "<group>"; };
		AB6A0EA229C3145F00C196DC /* RMEpisodeDetailViewController.swift */ = {isa = PBXFileReference; lastKnownFileType = sourcecode.swift; path = RMEpisodeDetailViewController.swift; sourceTree = "<group>"; };
		AB6A0EA429C3351200C196DC /* RMAPICacheManager.swift */ = {isa = PBXFileReference; lastKnownFileType = sourcecode.swift; path = RMAPICacheManager.swift; sourceTree = "<group>"; };
		AB6A0EA629C341FB00C196DC /* RMEpisodeDetailViewViewModel.swift */ = {isa = PBXFileReference; lastKnownFileType = sourcecode.swift; path = RMEpisodeDetailViewViewModel.swift; sourceTree = "<group>"; };
		AB70BE8F29B7DB9E0044F9CB /* RMCharacterPhotoCollectionViewCell.swift */ = {isa = PBXFileReference; lastKnownFileType = sourcecode.swift; path = RMCharacterPhotoCollectionViewCell.swift; sourceTree = "<group>"; };
		AB70BE9129B7DBAD0044F9CB /* RMCharacterInfoCollectionViewCell.swift */ = {isa = PBXFileReference; lastKnownFileType = sourcecode.swift; path = RMCharacterInfoCollectionViewCell.swift; sourceTree = "<group>"; };
		AB70BE9329B7DBBD0044F9CB /* RMCharacterEpisodeCollectionViewCell.swift */ = {isa = PBXFileReference; lastKnownFileType = sourcecode.swift; path = RMCharacterEpisodeCollectionViewCell.swift; sourceTree = "<group>"; };
		AB70BE9629B7DBF50044F9CB /* RMCharacterPhotoCollectionViewCellViewModel.swift */ = {isa = PBXFileReference; lastKnownFileType = sourcecode.swift; path = RMCharacterPhotoCollectionViewCellViewModel.swift; sourceTree = "<group>"; };
		AB70BE9829B7DC060044F9CB /* RMCharacterInfoCollectionViewCellViewModel.swift */ = {isa = PBXFileReference; lastKnownFileType = sourcecode.swift; path = RMCharacterInfoCollectionViewCellViewModel.swift; sourceTree = "<group>"; };
		AB70BE9A29B7DC150044F9CB /* RMCharacterEpisodeCollectionViewCellViewModel.swift */ = {isa = PBXFileReference; lastKnownFileType = sourcecode.swift; path = RMCharacterEpisodeCollectionViewCellViewModel.swift; sourceTree = "<group>"; };
		AB83968629C3A9440048264B /* RMEpisodeDetailView.swift */ = {isa = PBXFileReference; lastKnownFileType = sourcecode.swift; path = RMEpisodeDetailView.swift; sourceTree = "<group>"; };
		AB9B3E4829B29068009CF0C0 /* RickAndMorty.app */ = {isa = PBXFileReference; explicitFileType = wrapper.application; includeInIndex = 0; path = RickAndMorty.app; sourceTree = BUILT_PRODUCTS_DIR; };
		AB9B3E4B29B29068009CF0C0 /* AppDelegate.swift */ = {isa = PBXFileReference; lastKnownFileType = sourcecode.swift; path = AppDelegate.swift; sourceTree = "<group>"; };
		AB9B3E4D29B29068009CF0C0 /* SceneDelegate.swift */ = {isa = PBXFileReference; lastKnownFileType = sourcecode.swift; path = SceneDelegate.swift; sourceTree = "<group>"; };
		AB9B3E4F29B29068009CF0C0 /* RMTabBarViewController.swift */ = {isa = PBXFileReference; lastKnownFileType = sourcecode.swift; path = RMTabBarViewController.swift; sourceTree = "<group>"; };
		AB9B3E5429B29068009CF0C0 /* Assets.xcassets */ = {isa = PBXFileReference; lastKnownFileType = folder.assetcatalog; path = Assets.xcassets; sourceTree = "<group>"; };
		AB9B3E5729B29068009CF0C0 /* Base */ = {isa = PBXFileReference; lastKnownFileType = file.storyboard; name = Base; path = Base.lproj/LaunchScreen.storyboard; sourceTree = "<group>"; };
		AB9B3E5929B29068009CF0C0 /* Info.plist */ = {isa = PBXFileReference; lastKnownFileType = text.plist.xml; path = Info.plist; sourceTree = "<group>"; };
		AB9B3E6629B292CF009CF0C0 /* RMLocation.swift */ = {isa = PBXFileReference; lastKnownFileType = sourcecode.swift; path = RMLocation.swift; sourceTree = "<group>"; };
		AB9B3E6829B292D9009CF0C0 /* RMCharacter.swift */ = {isa = PBXFileReference; lastKnownFileType = sourcecode.swift; path = RMCharacter.swift; sourceTree = "<group>"; };
		AB9B3E6A29B292DF009CF0C0 /* RMEpisode.swift */ = {isa = PBXFileReference; lastKnownFileType = sourcecode.swift; path = RMEpisode.swift; sourceTree = "<group>"; };
		AB9B3E6D29B2937B009CF0C0 /* RMCharacterViewController.swift */ = {isa = PBXFileReference; lastKnownFileType = sourcecode.swift; path = RMCharacterViewController.swift; sourceTree = "<group>"; };
		AB9B3E6F29B2938A009CF0C0 /* RMLocationViewController.swift */ = {isa = PBXFileReference; lastKnownFileType = sourcecode.swift; path = RMLocationViewController.swift; sourceTree = "<group>"; };
		AB9B3E7129B293A0009CF0C0 /* RMEpisodeViewController.swift */ = {isa = PBXFileReference; lastKnownFileType = sourcecode.swift; path = RMEpisodeViewController.swift; sourceTree = "<group>"; };
		AB9B3E7329B293B6009CF0C0 /* RMSettingsViewController.swift */ = {isa = PBXFileReference; lastKnownFileType = sourcecode.swift; path = RMSettingsViewController.swift; sourceTree = "<group>"; };
		ABB01A7029B353FD00175C71 /* RMService.swift */ = {isa = PBXFileReference; lastKnownFileType = sourcecode.swift; path = RMService.swift; sourceTree = "<group>"; };
		ABB01A7229B3541000175C71 /* RMRequest.swift */ = {isa = PBXFileReference; lastKnownFileType = sourcecode.swift; path = RMRequest.swift; sourceTree = "<group>"; };
		ABB01A7429B3549600175C71 /* RMEndpoint.swift */ = {isa = PBXFileReference; lastKnownFileType = sourcecode.swift; path = RMEndpoint.swift; sourceTree = "<group>"; };
		ABB01A7629B3C38C00175C71 /* RMOrigin.swift */ = {isa = PBXFileReference; lastKnownFileType = sourcecode.swift; path = RMOrigin.swift; sourceTree = "<group>"; };
		ABB01A7829B3C40900175C71 /* RMSingleLocation.swift */ = {isa = PBXFileReference; lastKnownFileType = sourcecode.swift; path = RMSingleLocation.swift; sourceTree = "<group>"; };
		ABB01A7A29B3C50400175C71 /* RMCharacterStatus.swift */ = {isa = PBXFileReference; lastKnownFileType = sourcecode.swift; path = RMCharacterStatus.swift; sourceTree = "<group>"; };
		ABB01A7C29B3C52B00175C71 /* RMCharacterGender.swift */ = {isa = PBXFileReference; lastKnownFileType = sourcecode.swift; path = RMCharacterGender.swift; sourceTree = "<group>"; };
		ABB01A8129B3DE1E00175C71 /* RMGetAllCharactersResponse.swift */ = {isa = PBXFileReference; lastKnownFileType = sourcecode.swift; path = RMGetAllCharactersResponse.swift; sourceTree = "<group>"; };
		ABB01A8329B3E0CE00175C71 /* RMCharacterListViewViewModel.swift */ = {isa = PBXFileReference; lastKnownFileType = sourcecode.swift; path = RMCharacterListViewViewModel.swift; sourceTree = "<group>"; };
		ABB01A8529B3E14000175C71 /* RMCharacterListView.swift */ = {isa = PBXFileReference; lastKnownFileType = sourcecode.swift; path = RMCharacterListView.swift; sourceTree = "<group>"; };
		ABB01A8729B3E49700175C71 /* Extensions.swift */ = {isa = PBXFileReference; lastKnownFileType = sourcecode.swift; path = Extensions.swift; sourceTree = "<group>"; };
		ABB01A8929B3EAEA00175C71 /* RMCharacterCollectionViewCell.swift */ = {isa = PBXFileReference; lastKnownFileType = sourcecode.swift; path = RMCharacterCollectionViewCell.swift; sourceTree = "<group>"; };
		ABB5C84B29B489DB000CFFDD /* RMCharacterCollectionViewCellViewModel.swift */ = {isa = PBXFileReference; lastKnownFileType = sourcecode.swift; path = RMCharacterCollectionViewCellViewModel.swift; sourceTree = "<group>"; };
		ABB5C84D29B4B452000CFFDD /* Builders.swift */ = {isa = PBXFileReference; lastKnownFileType = sourcecode.swift; path = Builders.swift; sourceTree = "<group>"; };
/* End PBXFileReference section */

/* Begin PBXFrameworksBuildPhase section */
		AB9B3E4529B29068009CF0C0 /* Frameworks */ = {
			isa = PBXFrameworksBuildPhase;
			buildActionMask = 2147483647;
			files = (
			);
			runOnlyForDeploymentPostprocessing = 0;
		};
/* End PBXFrameworksBuildPhase section */

/* Begin PBXGroup section */
		AB10FB7329B515CF00D36A7A /* Other */ = {
			isa = PBXGroup;
			children = (
				AB10FB7429B515F700D36A7A /* RMCharacterDetailViewController.swift */,
				AB6A0EA229C3145F00C196DC /* RMEpisodeDetailViewController.swift */,
			);
			path = Other;
			sourceTree = "<group>";
		};
		AB70BE8D29B7DB2E0044F9CB /* CharacterDetails */ = {
			isa = PBXGroup;
			children = (
				AB10FB7629B5169D00D36A7A /* RMCharacterDetailView.swift */,
				AB70BE8F29B7DB9E0044F9CB /* RMCharacterPhotoCollectionViewCell.swift */,
				AB70BE9129B7DBAD0044F9CB /* RMCharacterInfoCollectionViewCell.swift */,
				AB70BE9329B7DBBD0044F9CB /* RMCharacterEpisodeCollectionViewCell.swift */,
			);
			path = CharacterDetails;
			sourceTree = "<group>";
		};
		AB70BE8E29B7DB4B0044F9CB /* Character */ = {
			isa = PBXGroup;
			children = (
				ABB01A8529B3E14000175C71 /* RMCharacterListView.swift */,
				ABB01A8929B3EAEA00175C71 /* RMCharacterCollectionViewCell.swift */,
			);
			path = Character;
			sourceTree = "<group>";
		};
		AB70BE9529B7DBCE0044F9CB /* CharacterDetail */ = {
			isa = PBXGroup;
			children = (
				AB10FB7829B516BA00D36A7A /* RMCharacterDetailViewViewModel.swift */,
				AB70BE9629B7DBF50044F9CB /* RMCharacterPhotoCollectionViewCellViewModel.swift */,
				AB70BE9829B7DC060044F9CB /* RMCharacterInfoCollectionViewCellViewModel.swift */,
				AB70BE9A29B7DC150044F9CB /* RMCharacterEpisodeCollectionViewCellViewModel.swift */,
			);
			path = CharacterDetail;
			sourceTree = "<group>";
		};
		AB9B3E3F29B29068009CF0C0 = {
			isa = PBXGroup;
			children = (
				AB9B3E4A29B29068009CF0C0 /* RickAndMorty */,
				AB9B3E4929B29068009CF0C0 /* Products */,
			);
			sourceTree = "<group>";
		};
		AB9B3E4929B29068009CF0C0 /* Products */ = {
			isa = PBXGroup;
			children = (
				AB9B3E4829B29068009CF0C0 /* RickAndMorty.app */,
			);
			name = Products;
			sourceTree = "<group>";
		};
		AB9B3E4A29B29068009CF0C0 /* RickAndMorty */ = {
			isa = PBXGroup;
			children = (
				AB9B3E6529B29267009CF0C0 /* Resources */,
				AB9B3E6329B29220009CF0C0 /* Managers */,
				AB9B3E6429B2924D009CF0C0 /* APIClient */,
				AB9B3E6229B291E7009CF0C0 /* ViewModels */,
				AB9B3E6129B291D8009CF0C0 /* Views */,
				AB9B3E6029B291D1009CF0C0 /* Models */,
				AB9B3E5F29B291C2009CF0C0 /* Controllers */,
				AB9B3E5929B29068009CF0C0 /* Info.plist */,
			);
			path = RickAndMorty;
			sourceTree = "<group>";
		};
		AB9B3E5F29B291C2009CF0C0 /* Controllers */ = {
			isa = PBXGroup;
			children = (
				AB10FB7329B515CF00D36A7A /* Other */,
				AB9B3E6C29B29359009CF0C0 /* Core */,
			);
			path = Controllers;
			sourceTree = "<group>";
		};
		AB9B3E6029B291D1009CF0C0 /* Models */ = {
			isa = PBXGroup;
			children = (
				ABB01A8029B3DDFF00175C71 /* APIResponseTypes */,
				ABB01A7F29B3DDE000175C71 /* DataTypes */,
			);
			path = Models;
			sourceTree = "<group>";
		};
		AB9B3E6129B291D8009CF0C0 /* Views */ = {
			isa = PBXGroup;
			children = (
				AB70BE8E29B7DB4B0044F9CB /* Character */,
				AB70BE8D29B7DB2E0044F9CB /* CharacterDetails */,
				AB38466829B5D66700DE4F52 /* RMFooterLoadingCollectionReusableView.swift */,
				AB83968629C3A9440048264B /* RMEpisodeDetailView.swift */,
			);
			path = Views;
			sourceTree = "<group>";
		};
		AB9B3E6229B291E7009CF0C0 /* ViewModels */ = {
			isa = PBXGroup;
			children = (
				AB70BE9529B7DBCE0044F9CB /* CharacterDetail */,
				ABB01A8329B3E0CE00175C71 /* RMCharacterListViewViewModel.swift */,
				ABB5C84B29B489DB000CFFDD /* RMCharacterCollectionViewCellViewModel.swift */,
				AB6A0EA629C341FB00C196DC /* RMEpisodeDetailViewViewModel.swift */,
			);
			path = ViewModels;
			sourceTree = "<group>";
		};
		AB9B3E6329B29220009CF0C0 /* Managers */ = {
			isa = PBXGroup;
			children = (
				AB36A38729B7297000B5A6F4 /* RMImageLoader.swift */,
				AB6A0EA429C3351200C196DC /* RMAPICacheManager.swift */,
			);
			path = Managers;
			sourceTree = "<group>";
		};
		AB9B3E6429B2924D009CF0C0 /* APIClient */ = {
			isa = PBXGroup;
			children = (
				ABB01A7029B353FD00175C71 /* RMService.swift */,
				ABB01A7229B3541000175C71 /* RMRequest.swift */,
				ABB01A7429B3549600175C71 /* RMEndpoint.swift */,
			);
			path = APIClient;
			sourceTree = "<group>";
		};
		AB9B3E6529B29267009CF0C0 /* Resources */ = {
			isa = PBXGroup;
			children = (
				AB9B3E4B29B29068009CF0C0 /* AppDelegate.swift */,
				AB9B3E4D29B29068009CF0C0 /* SceneDelegate.swift */,
				AB9B3E5429B29068009CF0C0 /* Assets.xcassets */,
				AB9B3E5629B29068009CF0C0 /* LaunchScreen.storyboard */,
				ABB01A8729B3E49700175C71 /* Extensions.swift */,
				ABB5C84D29B4B452000CFFDD /* Builders.swift */,
			);
			path = Resources;
			sourceTree = "<group>";
		};
		AB9B3E6C29B29359009CF0C0 /* Core */ = {
			isa = PBXGroup;
			children = (
				AB9B3E4F29B29068009CF0C0 /* RMTabBarViewController.swift */,
				AB9B3E6D29B2937B009CF0C0 /* RMCharacterViewController.swift */,
				AB9B3E6F29B2938A009CF0C0 /* RMLocationViewController.swift */,
				AB9B3E7129B293A0009CF0C0 /* RMEpisodeViewController.swift */,
				AB9B3E7329B293B6009CF0C0 /* RMSettingsViewController.swift */,
			);
			path = Core;
			sourceTree = "<group>";
		};
		ABB01A7F29B3DDE000175C71 /* DataTypes */ = {
			isa = PBXGroup;
			children = (
				AB9B3E6829B292D9009CF0C0 /* RMCharacter.swift */,
				ABB01A7A29B3C50400175C71 /* RMCharacterStatus.swift */,
				ABB01A7C29B3C52B00175C71 /* RMCharacterGender.swift */,
				AB9B3E6629B292CF009CF0C0 /* RMLocation.swift */,
				AB9B3E6A29B292DF009CF0C0 /* RMEpisode.swift */,
				ABB01A7629B3C38C00175C71 /* RMOrigin.swift */,
				ABB01A7829B3C40900175C71 /* RMSingleLocation.swift */,
			);
			path = DataTypes;
			sourceTree = "<group>";
		};
		ABB01A8029B3DDFF00175C71 /* APIResponseTypes */ = {
			isa = PBXGroup;
			children = (
				ABB01A8129B3DE1E00175C71 /* RMGetAllCharactersResponse.swift */,
			);
			path = APIResponseTypes;
			sourceTree = "<group>";
		};
/* End PBXGroup section */

/* Begin PBXNativeTarget section */
		AB9B3E4729B29068009CF0C0 /* RickAndMorty */ = {
			isa = PBXNativeTarget;
			buildConfigurationList = AB9B3E5C29B29068009CF0C0 /* Build configuration list for PBXNativeTarget "RickAndMorty" */;
			buildPhases = (
				AB9B3E4429B29068009CF0C0 /* Sources */,
				AB9B3E4529B29068009CF0C0 /* Frameworks */,
				AB9B3E4629B29068009CF0C0 /* Resources */,
			);
			buildRules = (
			);
			dependencies = (
			);
			name = RickAndMorty;
			productName = RickAndMorty;
			productReference = AB9B3E4829B29068009CF0C0 /* RickAndMorty.app */;
			productType = "com.apple.product-type.application";
		};
/* End PBXNativeTarget section */

/* Begin PBXProject section */
		AB9B3E4029B29068009CF0C0 /* Project object */ = {
			isa = PBXProject;
			attributes = {
				BuildIndependentTargetsInParallel = 1;
				LastSwiftUpdateCheck = 1420;
				LastUpgradeCheck = 1420;
				TargetAttributes = {
					AB9B3E4729B29068009CF0C0 = {
						CreatedOnToolsVersion = 14.2;
					};
				};
			};
			buildConfigurationList = AB9B3E4329B29068009CF0C0 /* Build configuration list for PBXProject "RickAndMorty" */;
			compatibilityVersion = "Xcode 14.0";
			developmentRegion = en;
			hasScannedForEncodings = 0;
			knownRegions = (
				en,
				Base,
			);
			mainGroup = AB9B3E3F29B29068009CF0C0;
			productRefGroup = AB9B3E4929B29068009CF0C0 /* Products */;
			projectDirPath = "";
			projectRoot = "";
			targets = (
				AB9B3E4729B29068009CF0C0 /* RickAndMorty */,
			);
		};
/* End PBXProject section */

/* Begin PBXResourcesBuildPhase section */
		AB9B3E4629B29068009CF0C0 /* Resources */ = {
			isa = PBXResourcesBuildPhase;
			buildActionMask = 2147483647;
			files = (
				AB9B3E5829B29068009CF0C0 /* LaunchScreen.storyboard in Resources */,
				AB9B3E5529B29068009CF0C0 /* Assets.xcassets in Resources */,
			);
			runOnlyForDeploymentPostprocessing = 0;
		};
/* End PBXResourcesBuildPhase section */

/* Begin PBXSourcesBuildPhase section */
		AB9B3E4429B29068009CF0C0 /* Sources */ = {
			isa = PBXSourcesBuildPhase;
			buildActionMask = 2147483647;
			files = (
				ABB01A7729B3C38C00175C71 /* RMOrigin.swift in Sources */,
				AB83968729C3A9440048264B /* RMEpisodeDetailView.swift in Sources */,
				AB70BE9429B7DBBD0044F9CB /* RMCharacterEpisodeCollectionViewCell.swift in Sources */,
				AB70BE9B29B7DC150044F9CB /* RMCharacterEpisodeCollectionViewCellViewModel.swift in Sources */,
				ABB01A7929B3C40900175C71 /* RMSingleLocation.swift in Sources */,
				AB70BE9929B7DC060044F9CB /* RMCharacterInfoCollectionViewCellViewModel.swift in Sources */,
				ABB01A8629B3E14000175C71 /* RMCharacterListView.swift in Sources */,
				AB36A38829B7297000B5A6F4 /* RMImageLoader.swift in Sources */,
				ABB01A8229B3DE1E00175C71 /* RMGetAllCharactersResponse.swift in Sources */,
				ABB01A7B29B3C50400175C71 /* RMCharacterStatus.swift in Sources */,
				ABB01A7D29B3C52B00175C71 /* RMCharacterGender.swift in Sources */,
				AB9B3E7029B2938A009CF0C0 /* RMLocationViewController.swift in Sources */,
				AB9B3E6B29B292DF009CF0C0 /* RMEpisode.swift in Sources */,
				AB6A0EA729C341FB00C196DC /* RMEpisodeDetailViewViewModel.swift in Sources */,
				AB9B3E5029B29068009CF0C0 /* RMTabBarViewController.swift in Sources */,
				ABB01A8A29B3EAEA00175C71 /* RMCharacterCollectionViewCell.swift in Sources */,
				AB9B3E7229B293A0009CF0C0 /* RMEpisodeViewController.swift in Sources */,
				AB70BE9229B7DBAD0044F9CB /* RMCharacterInfoCollectionViewCell.swift in Sources */,
				AB6A0EA329C3145F00C196DC /* RMEpisodeDetailViewController.swift in Sources */,
				AB10FB7529B515F700D36A7A /* RMCharacterDetailViewController.swift in Sources */,
				ABB5C84E29B4B452000CFFDD /* Builders.swift in Sources */,
				AB70BE9029B7DB9E0044F9CB /* RMCharacterPhotoCollectionViewCell.swift in Sources */,
				AB9B3E4C29B29068009CF0C0 /* AppDelegate.swift in Sources */,
				AB9B3E4E29B29068009CF0C0 /* SceneDelegate.swift in Sources */,
				AB9B3E7429B293B6009CF0C0 /* RMSettingsViewController.swift in Sources */,
				AB10FB7929B516BA00D36A7A /* RMCharacterDetailViewViewModel.swift in Sources */,
				ABB01A8829B3E49700175C71 /* Extensions.swift in Sources */,
				ABB01A7129B353FD00175C71 /* RMService.swift in Sources */,
				AB10FB7729B5169D00D36A7A /* RMCharacterDetailView.swift in Sources */,
				AB9B3E6729B292CF009CF0C0 /* RMLocation.swift in Sources */,
				AB6A0EA529C3351200C196DC /* RMAPICacheManager.swift in Sources */,
				ABB01A7529B3549600175C71 /* RMEndpoint.swift in Sources */,
				AB9B3E6929B292D9009CF0C0 /* RMCharacter.swift in Sources */,
				AB70BE9729B7DBF50044F9CB /* RMCharacterPhotoCollectionViewCellViewModel.swift in Sources */,
				ABB5C84C29B489DB000CFFDD /* RMCharacterCollectionViewCellViewModel.swift in Sources */,
				AB38466929B5D66700DE4F52 /* RMFooterLoadingCollectionReusableView.swift in Sources */,
				ABB01A7329B3541000175C71 /* RMRequest.swift in Sources */,
				ABB01A8429B3E0CE00175C71 /* RMCharacterListViewViewModel.swift in Sources */,
				AB9B3E6E29B2937B009CF0C0 /* RMCharacterViewController.swift in Sources */,
			);
			runOnlyForDeploymentPostprocessing = 0;
		};
/* End PBXSourcesBuildPhase section */

/* Begin PBXVariantGroup section */
		AB9B3E5629B29068009CF0C0 /* LaunchScreen.storyboard */ = {
			isa = PBXVariantGroup;
			children = (
				AB9B3E5729B29068009CF0C0 /* Base */,
			);
			name = LaunchScreen.storyboard;
			sourceTree = "<group>";
		};
/* End PBXVariantGroup section */

/* Begin XCBuildConfiguration section */
		AB9B3E5A29B29068009CF0C0 /* Debug */ = {
			isa = XCBuildConfiguration;
			buildSettings = {
				ALWAYS_SEARCH_USER_PATHS = NO;
				CLANG_ANALYZER_NONNULL = YES;
				CLANG_ANALYZER_NUMBER_OBJECT_CONVERSION = YES_AGGRESSIVE;
				CLANG_CXX_LANGUAGE_STANDARD = "gnu++20";
				CLANG_ENABLE_MODULES = YES;
				CLANG_ENABLE_OBJC_ARC = YES;
				CLANG_ENABLE_OBJC_WEAK = YES;
				CLANG_WARN_BLOCK_CAPTURE_AUTORELEASING = YES;
				CLANG_WARN_BOOL_CONVERSION = YES;
				CLANG_WARN_COMMA = YES;
				CLANG_WARN_CONSTANT_CONVERSION = YES;
				CLANG_WARN_DEPRECATED_OBJC_IMPLEMENTATIONS = YES;
				CLANG_WARN_DIRECT_OBJC_ISA_USAGE = YES_ERROR;
				CLANG_WARN_DOCUMENTATION_COMMENTS = YES;
				CLANG_WARN_EMPTY_BODY = YES;
				CLANG_WARN_ENUM_CONVERSION = YES;
				CLANG_WARN_INFINITE_RECURSION = YES;
				CLANG_WARN_INT_CONVERSION = YES;
				CLANG_WARN_NON_LITERAL_NULL_CONVERSION = YES;
				CLANG_WARN_OBJC_IMPLICIT_RETAIN_SELF = YES;
				CLANG_WARN_OBJC_LITERAL_CONVERSION = YES;
				CLANG_WARN_OBJC_ROOT_CLASS = YES_ERROR;
				CLANG_WARN_QUOTED_INCLUDE_IN_FRAMEWORK_HEADER = YES;
				CLANG_WARN_RANGE_LOOP_ANALYSIS = YES;
				CLANG_WARN_STRICT_PROTOTYPES = YES;
				CLANG_WARN_SUSPICIOUS_MOVE = YES;
				CLANG_WARN_UNGUARDED_AVAILABILITY = YES_AGGRESSIVE;
				CLANG_WARN_UNREACHABLE_CODE = YES;
				CLANG_WARN__DUPLICATE_METHOD_MATCH = YES;
				COPY_PHASE_STRIP = NO;
				DEBUG_INFORMATION_FORMAT = dwarf;
				ENABLE_STRICT_OBJC_MSGSEND = YES;
				ENABLE_TESTABILITY = YES;
				GCC_C_LANGUAGE_STANDARD = gnu11;
				GCC_DYNAMIC_NO_PIC = NO;
				GCC_NO_COMMON_BLOCKS = YES;
				GCC_OPTIMIZATION_LEVEL = 0;
				GCC_PREPROCESSOR_DEFINITIONS = (
					"DEBUG=1",
					"$(inherited)",
				);
				GCC_WARN_64_TO_32_BIT_CONVERSION = YES;
				GCC_WARN_ABOUT_RETURN_TYPE = YES_ERROR;
				GCC_WARN_UNDECLARED_SELECTOR = YES;
				GCC_WARN_UNINITIALIZED_AUTOS = YES_AGGRESSIVE;
				GCC_WARN_UNUSED_FUNCTION = YES;
				GCC_WARN_UNUSED_VARIABLE = YES;
				IPHONEOS_DEPLOYMENT_TARGET = 16.2;
				MTL_ENABLE_DEBUG_INFO = INCLUDE_SOURCE;
				MTL_FAST_MATH = YES;
				ONLY_ACTIVE_ARCH = YES;
				SDKROOT = iphoneos;
				SWIFT_ACTIVE_COMPILATION_CONDITIONS = DEBUG;
				SWIFT_OPTIMIZATION_LEVEL = "-Onone";
			};
			name = Debug;
		};
		AB9B3E5B29B29068009CF0C0 /* Release */ = {
			isa = XCBuildConfiguration;
			buildSettings = {
				ALWAYS_SEARCH_USER_PATHS = NO;
				CLANG_ANALYZER_NONNULL = YES;
				CLANG_ANALYZER_NUMBER_OBJECT_CONVERSION = YES_AGGRESSIVE;
				CLANG_CXX_LANGUAGE_STANDARD = "gnu++20";
				CLANG_ENABLE_MODULES = YES;
				CLANG_ENABLE_OBJC_ARC = YES;
				CLANG_ENABLE_OBJC_WEAK = YES;
				CLANG_WARN_BLOCK_CAPTURE_AUTORELEASING = YES;
				CLANG_WARN_BOOL_CONVERSION = YES;
				CLANG_WARN_COMMA = YES;
				CLANG_WARN_CONSTANT_CONVERSION = YES;
				CLANG_WARN_DEPRECATED_OBJC_IMPLEMENTATIONS = YES;
				CLANG_WARN_DIRECT_OBJC_ISA_USAGE = YES_ERROR;
				CLANG_WARN_DOCUMENTATION_COMMENTS = YES;
				CLANG_WARN_EMPTY_BODY = YES;
				CLANG_WARN_ENUM_CONVERSION = YES;
				CLANG_WARN_INFINITE_RECURSION = YES;
				CLANG_WARN_INT_CONVERSION = YES;
				CLANG_WARN_NON_LITERAL_NULL_CONVERSION = YES;
				CLANG_WARN_OBJC_IMPLICIT_RETAIN_SELF = YES;
				CLANG_WARN_OBJC_LITERAL_CONVERSION = YES;
				CLANG_WARN_OBJC_ROOT_CLASS = YES_ERROR;
				CLANG_WARN_QUOTED_INCLUDE_IN_FRAMEWORK_HEADER = YES;
				CLANG_WARN_RANGE_LOOP_ANALYSIS = YES;
				CLANG_WARN_STRICT_PROTOTYPES = YES;
				CLANG_WARN_SUSPICIOUS_MOVE = YES;
				CLANG_WARN_UNGUARDED_AVAILABILITY = YES_AGGRESSIVE;
				CLANG_WARN_UNREACHABLE_CODE = YES;
				CLANG_WARN__DUPLICATE_METHOD_MATCH = YES;
				COPY_PHASE_STRIP = NO;
				DEBUG_INFORMATION_FORMAT = "dwarf-with-dsym";
				ENABLE_NS_ASSERTIONS = NO;
				ENABLE_STRICT_OBJC_MSGSEND = YES;
				GCC_C_LANGUAGE_STANDARD = gnu11;
				GCC_NO_COMMON_BLOCKS = YES;
				GCC_WARN_64_TO_32_BIT_CONVERSION = YES;
				GCC_WARN_ABOUT_RETURN_TYPE = YES_ERROR;
				GCC_WARN_UNDECLARED_SELECTOR = YES;
				GCC_WARN_UNINITIALIZED_AUTOS = YES_AGGRESSIVE;
				GCC_WARN_UNUSED_FUNCTION = YES;
				GCC_WARN_UNUSED_VARIABLE = YES;
				IPHONEOS_DEPLOYMENT_TARGET = 16.2;
				MTL_ENABLE_DEBUG_INFO = NO;
				MTL_FAST_MATH = YES;
				SDKROOT = iphoneos;
				SWIFT_COMPILATION_MODE = wholemodule;
				SWIFT_OPTIMIZATION_LEVEL = "-O";
				VALIDATE_PRODUCT = YES;
			};
			name = Release;
		};
		AB9B3E5D29B29068009CF0C0 /* Debug */ = {
			isa = XCBuildConfiguration;
			buildSettings = {
				ASSETCATALOG_COMPILER_APPICON_NAME = AppIcon;
				ASSETCATALOG_COMPILER_GLOBAL_ACCENT_COLOR_NAME = AccentColor;
				CODE_SIGN_STYLE = Automatic;
				CURRENT_PROJECT_VERSION = 1;
				DEVELOPMENT_TEAM = HRD7AXL786;
				GENERATE_INFOPLIST_FILE = YES;
				INFOPLIST_FILE = RickAndMorty/Info.plist;
				INFOPLIST_KEY_UIApplicationSupportsIndirectInputEvents = YES;
				INFOPLIST_KEY_UILaunchStoryboardName = LaunchScreen;
				INFOPLIST_KEY_UISupportedInterfaceOrientations_iPad = "UIInterfaceOrientationPortrait UIInterfaceOrientationPortraitUpsideDown UIInterfaceOrientationLandscapeLeft UIInterfaceOrientationLandscapeRight";
				INFOPLIST_KEY_UISupportedInterfaceOrientations_iPhone = "UIInterfaceOrientationPortrait UIInterfaceOrientationLandscapeLeft UIInterfaceOrientationLandscapeRight";
				LD_RUNPATH_SEARCH_PATHS = (
					"$(inherited)",
					"@executable_path/Frameworks",
				);
				MARKETING_VERSION = 1.0;
				PRODUCT_BUNDLE_IDENTIFIER = com.yucedag.RickAndMorty;
				PRODUCT_NAME = "$(TARGET_NAME)";
				SWIFT_EMIT_LOC_STRINGS = YES;
				SWIFT_VERSION = 5.0;
				TARGETED_DEVICE_FAMILY = "1,2";
			};
			name = Debug;
		};
		AB9B3E5E29B29068009CF0C0 /* Release */ = {
			isa = XCBuildConfiguration;
			buildSettings = {
				ASSETCATALOG_COMPILER_APPICON_NAME = AppIcon;
				ASSETCATALOG_COMPILER_GLOBAL_ACCENT_COLOR_NAME = AccentColor;
				CODE_SIGN_STYLE = Automatic;
				CURRENT_PROJECT_VERSION = 1;
				DEVELOPMENT_TEAM = HRD7AXL786;
				GENERATE_INFOPLIST_FILE = YES;
				INFOPLIST_FILE = RickAndMorty/Info.plist;
				INFOPLIST_KEY_UIApplicationSupportsIndirectInputEvents = YES;
				INFOPLIST_KEY_UILaunchStoryboardName = LaunchScreen;
				INFOPLIST_KEY_UISupportedInterfaceOrientations_iPad = "UIInterfaceOrientationPortrait UIInterfaceOrientationPortraitUpsideDown UIInterfaceOrientationLandscapeLeft UIInterfaceOrientationLandscapeRight";
				INFOPLIST_KEY_UISupportedInterfaceOrientations_iPhone = "UIInterfaceOrientationPortrait UIInterfaceOrientationLandscapeLeft UIInterfaceOrientationLandscapeRight";
				LD_RUNPATH_SEARCH_PATHS = (
					"$(inherited)",
					"@executable_path/Frameworks",
				);
				MARKETING_VERSION = 1.0;
				PRODUCT_BUNDLE_IDENTIFIER = com.yucedag.RickAndMorty;
				PRODUCT_NAME = "$(TARGET_NAME)";
				SWIFT_EMIT_LOC_STRINGS = YES;
				SWIFT_VERSION = 5.0;
				TARGETED_DEVICE_FAMILY = "1,2";
			};
			name = Release;
		};
/* End XCBuildConfiguration section */

/* Begin XCConfigurationList section */
		AB9B3E4329B29068009CF0C0 /* Build configuration list for PBXProject "RickAndMorty" */ = {
			isa = XCConfigurationList;
			buildConfigurations = (
				AB9B3E5A29B29068009CF0C0 /* Debug */,
				AB9B3E5B29B29068009CF0C0 /* Release */,
			);
			defaultConfigurationIsVisible = 0;
			defaultConfigurationName = Release;
		};
		AB9B3E5C29B29068009CF0C0 /* Build configuration list for PBXNativeTarget "RickAndMorty" */ = {
			isa = XCConfigurationList;
			buildConfigurations = (
				AB9B3E5D29B29068009CF0C0 /* Debug */,
				AB9B3E5E29B29068009CF0C0 /* Release */,
			);
			defaultConfigurationIsVisible = 0;
			defaultConfigurationName = Release;
		};
/* End XCConfigurationList section */
	};
	rootObject = AB9B3E4029B29068009CF0C0 /* Project object */;
}
